{
    "_readme": [
        "This file locks the dependencies of your project to a known state",
        "Read more about it at https://getcomposer.org/doc/01-basic-usage.md#installing-dependencies",
        "This file is @generated automatically"
    ],
    "content-hash": "c0e813e7eea6a61f070899b943f98a23",
    "packages": [
        {
            "name": "ezyang/htmlpurifier",
            "version": "v4.16.0",
            "source": {
                "type": "git",
                "url": "https://github.com/ezyang/htmlpurifier.git",
                "reference": "523407fb06eb9e5f3d59889b3978d5bfe94299c8"
            },
            "dist": {
                "type": "zip",
                "url": "https://api.github.com/repos/ezyang/htmlpurifier/zipball/523407fb06eb9e5f3d59889b3978d5bfe94299c8",
                "reference": "523407fb06eb9e5f3d59889b3978d5bfe94299c8",
                "shasum": ""
            },
            "require": {
                "php": "~5.6.0 || ~7.0.0 || ~7.1.0 || ~7.2.0 || ~7.3.0 || ~7.4.0 || ~8.0.0 || ~8.1.0 || ~8.2.0"
            },
            "require-dev": {
                "cerdic/css-tidy": "^1.7 || ^2.0",
                "simpletest/simpletest": "dev-master"
            },
            "suggest": {
                "cerdic/css-tidy": "If you want to use the filter 'Filter.ExtractStyleBlocks'.",
                "ext-bcmath": "Used for unit conversion and imagecrash protection",
                "ext-iconv": "Converts text to and from non-UTF-8 encodings",
                "ext-tidy": "Used for pretty-printing HTML"
            },
            "type": "library",
            "autoload": {
                "files": [
                    "library/HTMLPurifier.composer.php"
                ],
                "psr-0": {
                    "HTMLPurifier": "library/"
                },
                "exclude-from-classmap": [
                    "/library/HTMLPurifier/Language/"
                ]
            },
            "notification-url": "https://packagist.org/downloads/",
            "license": [
                "LGPL-2.1-or-later"
            ],
            "authors": [
                {
                    "name": "Edward Z. Yang",
                    "email": "admin@htmlpurifier.org",
                    "homepage": "http://ezyang.com"
                }
            ],
            "description": "Standards compliant HTML filter written in PHP",
            "homepage": "http://htmlpurifier.org/",
            "keywords": [
                "html"
            ],
            "support": {
                "issues": "https://github.com/ezyang/htmlpurifier/issues",
                "source": "https://github.com/ezyang/htmlpurifier/tree/v4.16.0"
            },
            "time": "2022-09-18T07:06:19+00:00"
        },
        {
            "name": "mobiledetect/mobiledetectlib",
            "version": "3.74.0",
            "source": {
                "type": "git",
                "url": "https://github.com/serbanghita/Mobile-Detect.git",
                "reference": "812a4aa4605c63fc33d7fe32ca82f29275940b9d"
            },
            "dist": {
                "type": "zip",
                "url": "https://api.github.com/repos/serbanghita/Mobile-Detect/zipball/812a4aa4605c63fc33d7fe32ca82f29275940b9d",
                "reference": "812a4aa4605c63fc33d7fe32ca82f29275940b9d",
                "shasum": ""
            },
            "require": {
                "php": ">=7.4"
            },
            "require-dev": {
                "friendsofphp/php-cs-fixer": "v2.19.3",
                "phpunit/phpunit": "^7.0.0",
                "squizlabs/php_codesniffer": "3.*"
            },
            "type": "library",
            "autoload": {
                "psr-4": {
                    "Detection\\": "src/"
                },
                "classmap": [
                    "src/MobileDetect.php"
                ]
            },
            "notification-url": "https://packagist.org/downloads/",
            "license": [
                "MIT"
            ],
            "authors": [
                {
                    "name": "Serban Ghita",
                    "email": "serbanghita@gmail.com",
                    "homepage": "http://mobiledetect.net",
                    "role": "Developer"
                }
            ],
            "description": "Mobile_Detect is a lightweight PHP class for detecting mobile devices. It uses the User-Agent string combined with specific HTTP headers to detect the mobile environment.",
            "homepage": "https://github.com/serbanghita/Mobile-Detect",
            "keywords": [
                "detect mobile devices",
                "mobile",
                "mobile detect",
                "mobile detector",
                "php mobile detect"
            ],
            "support": {
                "issues": "https://github.com/serbanghita/Mobile-Detect/issues",
                "source": "https://github.com/serbanghita/Mobile-Detect/tree/3.74.0"
            },
            "time": "2022-12-04T15:37:32+00:00"
        },
        {
            "name": "php81_bc/strftime",
            "version": "0.5.0",
            "source": {
                "type": "git",
                "url": "https://github.com/alphp/strftime.git",
                "reference": "4c1b56eaae4bb3f02f994ba47c2e5a225378e62f"
            },
            "dist": {
                "type": "zip",
                "url": "https://api.github.com/repos/alphp/strftime/zipball/4c1b56eaae4bb3f02f994ba47c2e5a225378e62f",
                "reference": "4c1b56eaae4bb3f02f994ba47c2e5a225378e62f",
                "shasum": ""
            },
            "require": {
                "ext-intl": "*",
                "php": ">=7.1.0"
            },
            "require-dev": {
                "phpunit/phpunit": "@stable"
            },
            "type": "library",
            "autoload": {
                "files": [
                    "src/php-8.1-strftime.php"
                ]
            },
            "notification-url": "https://packagist.org/downloads/",
            "license": [
                "MIT"
            ],
            "authors": [
                {
                    "name": "Fernando Herrero",
                    "homepage": "https://github.com/alphp/strftime/graphs/contributors"
                }
            ],
            "description": "Locale-formatted strftime using IntlDateFormatter (PHP 8.1 compatible)",
            "support": {
                "issues": "https://github.com/alphp/strftime/issues",
                "source": "https://github.com/alphp/strftime"
            },
            "time": "2022-04-10T22:31:16+00:00"
        }
    ],
    "packages-dev": [],
    "aliases": [],
    "minimum-stability": "stable",
    "stability-flags": [],
    "prefer-stable": false,
    "prefer-lowest": false,
    "platform": [],
    "platform-dev": [],
    "plugin-api-version": "2.2.0"
}
